
Microsoft Visual Studio Solution File, Format Version 12.00
# Visual Studio Version 17
VisualStudioVersion = 17.3.32929.385
MinimumVisualStudioVersion = 10.0.40219.1
Project("{9A19103F-16F7-4668-BE54-9A1E7A4F7556}") = "OnlineCarMarket", "OnlineCarMarket\OnlineCarMarket.csproj", "{24DD88DA-3596-4E19-9E40-57707F3473CA}"
EndProject
Project("{9A19103F-16F7-4668-BE54-9A1E7A4F7556}") = "OnlineCarMarket_Core", "OnlineCarMarket_Core\OnlineCarMarket_Core.csproj", "{075F33F0-1928-4A63-95A3-F348E975B356}"
EndProject
Project("{9A19103F-16F7-4668-BE54-9A1E7A4F7556}") = "OnlineCarMarket_Infastructure", "OnlineCarMarket_Infastructure\OnlineCarMarket_Infastructure.csproj", "{ED35C431-D27F-40FC-8637-270A0C4168F1}"
EndProject
Global
	GlobalSection(SolutionConfigurationPlatforms) = preSolution
		Debug|Any CPU = Debug|Any CPU
		Release|Any CPU = Release|Any CPU
	EndGlobalSection
	GlobalSection(ProjectConfigurationPlatforms) = postSolution
		{24DD88DA-3596-4E19-9E40-57707F3473CA}.Debug|Any CPU.ActiveCfg = Debug|Any CPU
		{24DD88DA-3596-4E19-9E40-57707F3473CA}.Debug|Any CPU.Build.0 = Debug|Any CPU
		{24DD88DA-3596-4E19-9E40-57707F3473CA}.Release|Any CPU.ActiveCfg = Release|Any CPU
		{24DD88DA-3596-4E19-9E40-57707F3473CA}.Release|Any CPU.Build.0 = Release|Any CPU
		{075F33F0-1928-4A63-95A3-F348E975B356}.Debug|Any CPU.ActiveCfg = Debug|Any CPU
		{075F33F0-1928-4A63-95A3-F348E975B356}.Debug|Any CPU.Build.0 = Debug|Any CPU
		{075F33F0-1928-4A63-95A3-F348E975B356}.Release|Any CPU.ActiveCfg = Release|Any CPU
		{075F33F0-1928-4A63-95A3-F348E975B356}.Release|Any CPU.Build.0 = Release|Any CPU
		{ED35C431-D27F-40FC-8637-270A0C4168F1}.Debug|Any CPU.ActiveCfg = Debug|Any CPU
		{ED35C431-D27F-40FC-8637-270A0C4168F1}.Debug|Any CPU.Build.0 = Debug|Any CPU
		{ED35C431-D27F-40FC-8637-270A0C4168F1}.Release|Any CPU.ActiveCfg = Release|Any CPU
		{ED35C431-D27F-40FC-8637-270A0C4168F1}.Release|Any CPU.Build.0 = Release|Any CPU
	EndGlobalSection
	GlobalSection(SolutionProperties) = preSolution
		HideSolutionNode = FALSE
	EndGlobalSection
	GlobalSection(ExtensibilityGlobals) = postSolution
		SolutionGuid = {D9F77AA7-3771-48CF-A915-C8D85FEBB994}
	EndGlobalSection
EndGlobal
